// !$*UTF8*$!
{
	archiveVersion = 1;
	classes = {
	};
	objectVersion = 50;
	objects = {

/* Begin PBXBuildFile section */
		C0BD080C246E307D0044DABD /* AppDelegate.m in Sources */ = {isa = PBXBuildFile; fileRef = C0BD080B246E307D0044DABD /* AppDelegate.m */; };
		C0BD080F246E307D0044DABD /* SceneDelegate.m in Sources */ = {isa = PBXBuildFile; fileRef = C0BD080E246E307D0044DABD /* SceneDelegate.m */; };
		C0BD0812246E307D0044DABD /* ViewController.m in Sources */ = {isa = PBXBuildFile; fileRef = C0BD0811246E307D0044DABD /* ViewController.m */; };
		C0BD0815246E307D0044DABD /* Main.storyboard in Resources */ = {isa = PBXBuildFile; fileRef = C0BD0813246E307D0044DABD /* Main.storyboard */; };
		C0BD0817246E307E0044DABD /* Assets.xcassets in Resources */ = {isa = PBXBuildFile; fileRef = C0BD0816246E307E0044DABD /* Assets.xcassets */; };
		C0BD081A246E307E0044DABD /* LaunchScreen.storyboard in Resources */ = {isa = PBXBuildFile; fileRef = C0BD0818246E307E0044DABD /* LaunchScreen.storyboard */; };
		C0BD081D246E307E0044DABD /* main.m in Sources */ = {isa = PBXBuildFile; fileRef = C0BD081C246E307E0044DABD /* main.m */; };
/* End PBXBuildFile section */

/* Begin PBXFileReference section */
		C0BD0807246E307D0044DABD /* PlayRTSP_Objc.app */ = {isa = PBXFileReference; explicitFileType = wrapper.application; includeInIndex = 0; path = PlayRTSP_Objc.app; sourceTree = BUILT_PRODUCTS_DIR; };
		C0BD080A246E307D0044DABD /* AppDelegate.h */ = {isa = PBXFileReference; lastKnownFileType = sourcecode.c.h; path = AppDelegate.h; sourceTree = "<group>"; };
		C0BD080B246E307D0044DABD /* AppDelegate.m */ = {isa = PBXFileReference; lastKnownFileType = sourcecode.c.objc; path = AppDelegate.m; sourceTree = "<group>"; };
		C0BD080D246E307D0044DABD /* SceneDelegate.h */ = {isa = PBXFileReference; lastKnownFileType = sourcecode.c.h; path = SceneDelegate.h; sourceTree = "<group>"; };
		C0BD080E246E307D0044DABD /* SceneDelegate.m */ = {isa = PBXFileReference; lastKnownFileType = sourcecode.c.objc; path = SceneDelegate.m; sourceTree = "<group>"; };
		C0BD0810246E307D0044DABD /* ViewController.h */ = {isa = PBXFileReference; lastKnownFileType = sourcecode.c.h; path = ViewController.h; sourceTree = "<group>"; };
		C0BD0811246E307D0044DABD /* ViewController.m */ = {isa = PBXFileReference; lastKnownFileType = sourcecode.c.objc; path = ViewController.m; sourceTree = "<group>"; };
		C0BD0814246E307D0044DABD /* Base */ = {isa = PBXFileReference; lastKnownFileType = file.storyboard; name = Base; path = Base.lproj/Main.storyboard; sourceTree = "<group>"; };
		C0BD0816246E307E0044DABD /* Assets.xcassets */ = {isa = PBXFileReference; lastKnownFileType = folder.assetcatalog; path = Assets.xcassets; sourceTree = "<group>"; };
		C0BD0819246E307E0044DABD /* Base */ = {isa = PBXFileReference; lastKnownFileType = file.storyboard; name = Base; path = Base.lproj/LaunchScreen.storyboard; sourceTree = "<group>"; };
		C0BD081B246E307E0044DABD /* Info.plist */ = {isa = PBXFileReference; lastKnownFileType = text.plist.xml; path = Info.plist; sourceTree = "<group>"; };
		C0BD081C246E307E0044DABD /* main.m */ = {isa = PBXFileReference; lastKnownFileType = sourcecode.c.objc; path = main.m; sourceTree = "<group>"; };
/* End PBXFileReference section */

/* Begin PBXFrameworksBuildPhase section */
		C0BD0804246E307D0044DABD /* Frameworks */ = {
			isa = PBXFrameworksBuildPhase;
			buildActionMask = 2147483647;
			files = (
			);
			runOnlyForDeploymentPostprocessing = 0;
		};
/* End PBXFrameworksBuildPhase section */

/* Begin PBXGroup section */
		C0BD07FE246E307D0044DABD = {
			isa = PBXGroup;
			children = (
				C0BD0809246E307D0044DABD /* PlayRTSP_Objc */,
				C0BD0808246E307D0044DABD /* Products */,
			);
			sourceTree = "<group>";
		};
		C0BD0808246E307D0044DABD /* Products */ = {
			isa = PBXGroup;
			children = (
				C0BD0807246E307D0044DABD /* PlayRTSP_Objc.app */,
			);
			name = Products;
			sourceTree = "<group>";
		};
		C0BD0809246E307D0044DABD /* PlayRTSP_Objc */ = {
			isa = PBXGroup;
			children = (
				C0BD080A246E307D0044DABD /* AppDelegate.h */,
				C0BD080B246E307D0044DABD /* AppDelegate.m */,
				C0BD080D246E307D0044DABD /* SceneDelegate.h */,
				C0BD080E246E307D0044DABD /* SceneDelegate.m */,
				C0BD0810246E307D0044DABD /* ViewController.h */,
				C0BD0811246E307D0044DABD /* ViewController.m */,
				C0BD0813246E307D0044DABD /* Main.storyboard */,
				C0BD0816246E307E0044DABD /* Assets.xcassets */,
				C0BD0818246E307E0044DABD /* LaunchScreen.storyboard */,
				C0BD081B246E307E0044DABD /* Info.plist */,
				C0BD081C246E307E0044DABD /* main.m */,
			);
			path = PlayRTSP_Objc;
			sourceTree = "<group>";
		};
/* End PBXGroup section */

/* Begin PBXNativeTarget section */
		C0BD0806246E307D0044DABD /* PlayRTSP_Objc */ = {
			isa = PBXNativeTarget;
			buildConfigurationList = C0BD0820246E307E0044DABD /* Build configuration list for PBXNativeTarget "PlayRTSP_Objc" */;
			buildPhases = (
				C0BD0803246E307D0044DABD /* Sources */,
				C0BD0804246E307D0044DABD /* Frameworks */,
				C0BD0805246E307D0044DABD /* Resources */,
			);
			buildRules = (
			);
			dependencies = (
			);
			name = PlayRTSP_Objc;
			productName = PlayRTSP_Objc;
			productReference = C0BD0807246E307D0044DABD /* PlayRTSP_Objc.app */;
			productType = "com.apple.product-type.application";
		};
/* End PBXNativeTarget section */

/* Begin PBXProject section */
		C0BD07FF246E307D0044DABD /* Project object */ = {
			isa = PBXProject;
			attributes = {
				LastUpgradeCheck = 1130;
				ORGANIZATIONNAME = com.xander;
				TargetAttributes = {
					C0BD0806246E307D0044DABD = {
						CreatedOnToolsVersion = 11.3.1;
					};
				};
			};
			buildConfigurationList = C0BD0802246E307D0044DABD /* Build configuration list for PBXProject "PlayRTSP_Objc" */;
			compatibilityVersion = "Xcode 9.3";
			developmentRegion = en;
			hasScannedForEncodings = 0;
			knownRegions = (
				en,
				Base,
			);
			mainGroup = C0BD07FE246E307D0044DABD;
			productRefGroup = C0BD0808246E307D0044DABD /* Products */;
			projectDirPath = "";
			projectRoot = "";
			targets = (
				C0BD0806246E307D0044DABD /* PlayRTSP_Objc */,
			);
		};
/* End PBXProject section */

/* Begin PBXResourcesBuildPhase section */
		C0BD0805246E307D0044DABD /* Resources */ = {
			isa = PBXResourcesBuildPhase;
			buildActionMask = 2147483647;
			files = (
				C0BD081A246E307E0044DABD /* LaunchScreen.storyboard in Resources */,
				C0BD0817246E307E0044DABD /* Assets.xcassets in Resources */,
				C0BD0815246E307D0044DABD /* Main.storyboard in Resources */,
			);
			runOnlyForDeploymentPostprocessing = 0;
		};
/* End PBXResourcesBuildPhase section */

/* Begin PBXSourcesBuildPhase section */
		C0BD0803246E307D0044DABD /* Sources */ = {
			isa = PBXSourcesBuildPhase;
			buildActionMask = 2147483647;
			files = (
				C0BD0812246E307D0044DABD /* ViewController.m in Sources */,
				C0BD080C246E307D0044DABD /* AppDelegate.m in Sources */,
				C0BD081D246E307E0044DABD /* main.m in Sources */,
				C0BD080F246E307D0044DABD /* SceneDelegate.m in Sources */,
			);
			runOnlyForDeploymentPostprocessing = 0;
		};
/* End PBXSourcesBuildPhase section */

/* Begin PBXVariantGroup section */
		C0BD0813246E307D0044DABD /* Main.storyboard */ = {
			isa = PBXVariantGroup;
			children = (
				C0BD0814246E307D0044DABD /* Base */,
			);
			name = Main.storyboard;
			sourceTree = "<group>";
		};
		C0BD0818246E307E0044DABD /* LaunchScreen.storyboard */ = {
			isa = PBXVariantGroup;
			children = (
				C0BD0819246E307E0044DABD /* Base */,
			);
			name = LaunchScreen.storyboard;
			sourceTree = "<group>";
		};
/* End PBXVariantGroup section */

/* Begin XCBuildConfiguration section */
		C0BD081E246E307E0044DABD /* Debug */ = {
			isa = XCBuildConfiguration;
			buildSettings = {
				ALWAYS_SEARCH_USER_PATHS = NO;
				CLANG_ANALYZER_NONNULL = YES;
				CLANG_ANALYZER_NUMBER_OBJECT_CONVERSION = YES_AGGRESSIVE;
				CLANG_CXX_LANGUAGE_STANDARD = "gnu++14";
				CLANG_CXX_LIBRARY = "libc++";
				CLANG_ENABLE_MODULES = YES;
				CLANG_ENABLE_OBJC_ARC = YES;
				CLANG_ENABLE_OBJC_WEAK = YES;
				CLANG_WARN_BLOCK_CAPTURE_AUTORELEASING = YES;
				CLANG_WARN_BOOL_CONVERSION = YES;
				CLANG_WARN_COMMA = YES;
				CLANG_WARN_CONSTANT_CONVERSION = YES;
				CLANG_WARN_DEPRECATED_OBJC_IMPLEMENTATIONS = YES;
				CLANG_WARN_DIRECT_OBJC_ISA_USAGE = YES_ERROR;
				CLANG_WARN_DOCUMENTATION_COMMENTS = YES;
				CLANG_WARN_EMPTY_BODY = YES;
				CLANG_WARN_ENUM_CONVERSION = YES;
				CLANG_WARN_INFINITE_RECURSION = YES;
				CLANG_WARN_INT_CONVERSION = YES;
				CLANG_WARN_NON_LITERAL_NULL_CONVERSION = YES;
				CLANG_WARN_OBJC_IMPLICIT_RETAIN_SELF = YES;
				CLANG_WARN_OBJC_LITERAL_CONVERSION = YES;
				CLANG_WARN_OBJC_ROOT_CLASS = YES_ERROR;
				CLANG_WARN_RANGE_LOOP_ANALYSIS = YES;
				CLANG_WARN_STRICT_PROTOTYPES = YES;
				CLANG_WARN_SUSPICIOUS_MOVE = YES;
				CLANG_WARN_UNGUARDED_AVAILABILITY = YES_AGGRESSIVE;
				CLANG_WARN_UNREACHABLE_CODE = YES;
				CLANG_WARN__DUPLICATE_METHOD_MATCH = YES;
				COPY_PHASE_STRIP = NO;
				DEBUG_INFORMATION_FORMAT = dwarf;
				ENABLE_STRICT_OBJC_MSGSEND = YES;
				ENABLE_TESTABILITY = YES;
				GCC_C_LANGUAGE_STANDARD = gnu11;
				GCC_DYNAMIC_NO_PIC = NO;
				GCC_NO_COMMON_BLOCKS = YES;
				GCC_OPTIMIZATION_LEVEL = 0;
				GCC_PREPROCESSOR_DEFINITIONS = (
					"DEBUG=1",
					"$(inherited)",
				);
				GCC_WARN_64_TO_32_BIT_CONVERSION = YES;
				GCC_WARN_ABOUT_RETURN_TYPE = YES_ERROR;
				GCC_WARN_UNDECLARED_SELECTOR = YES;
				GCC_WARN_UNINITIALIZED_AUTOS = YES_AGGRESSIVE;
				GCC_WARN_UNUSED_FUNCTION = YES;
				GCC_WARN_UNUSED_VARIABLE = YES;
				IPHONEOS_DEPLOYMENT_TARGET = 13.2;
				MTL_ENABLE_DEBUG_INFO = INCLUDE_SOURCE;
				MTL_FAST_MATH = YES;
				ONLY_ACTIVE_ARCH = YES;
				SDKROOT = iphoneos;
			};
			name = Debug;
		};
		C0BD081F246E307E0044DABD /* Release */ = {
			isa = XCBuildConfiguration;
			buildSettings = {
				ALWAYS_SEARCH_USER_PATHS = NO;
				CLANG_ANALYZER_NONNULL = YES;
				CLANG_ANALYZER_NUMBER_OBJECT_CONVERSION = YES_AGGRESSIVE;
				CLANG_CXX_LANGUAGE_STANDARD = "gnu++14";
				CLANG_CXX_LIBRARY = "libc++";
				CLANG_ENABLE_MODULES = YES;
				CLANG_ENABLE_OBJC_ARC = YES;
				CLANG_ENABLE_OBJC_WEAK = YES;
				CLANG_WARN_BLOCK_CAPTURE_AUTORELEASING = YES;
				CLANG_WARN_BOOL_CONVERSION = YES;
				CLANG_WARN_COMMA = YES;
				CLANG_WARN_CONSTANT_CONVERSION = YES;
				CLANG_WARN_DEPRECATED_OBJC_IMPLEMENTATIONS = YES;
				CLANG_WARN_DIRECT_OBJC_ISA_USAGE = YES_ERROR;
				CLANG_WARN_DOCUMENTATION_COMMENTS = YES;
				CLANG_WARN_EMPTY_BODY = YES;
				CLANG_WARN_ENUM_CONVERSION = YES;
				CLANG_WARN_INFINITE_RECURSION = YES;
				CLANG_WARN_INT_CONVERSION = YES;
				CLANG_WARN_NON_LITERAL_NULL_CONVERSION = YES;
				CLANG_WARN_OBJC_IMPLICIT_RETAIN_SELF = YES;
				CLANG_WARN_OBJC_LITERAL_CONVERSION = YES;
				CLANG_WARN_OBJC_ROOT_CLASS = YES_ERROR;
				CLANG_WARN_RANGE_LOOP_ANALYSIS = YES;
				CLANG_WARN_STRICT_PROTOTYPES = YES;
				CLANG_WARN_SUSPICIOUS_MOVE = YES;
				CLANG_WARN_UNGUARDED_AVAILABILITY = YES_AGGRESSIVE;
				CLANG_WARN_UNREACHABLE_CODE = YES;
				CLANG_WARN__DUPLICATE_METHOD_MATCH = YES;
				COPY_PHASE_STRIP = NO;
				DEBUG_INFORMATION_FORMAT = "dwarf-with-dsym";
				ENABLE_NS_ASSERTIONS = NO;
				ENABLE_STRICT_OBJC_MSGSEND = YES;
				GCC_C_LANGUAGE_STANDARD = gnu11;
				GCC_NO_COMMON_BLOCKS = YES;
				GCC_WARN_64_TO_32_BIT_CONVERSION = YES;
				GCC_WARN_ABOUT_RETURN_TYPE = YES_ERROR;
				GCC_WARN_UNDECLARED_SELECTOR = YES;
				GCC_WARN_UNINITIALIZED_AUTOS = YES_AGGRESSIVE;
				GCC_WARN_UNUSED_FUNCTION = YES;
				GCC_WARN_UNUSED_VARIABLE = YES;
				IPHONEOS_DEPLOYMENT_TARGET = 13.2;
				MTL_ENABLE_DEBUG_INFO = NO;
				MTL_FAST_MATH = YES;
				SDKROOT = iphoneos;
				VALIDATE_PRODUCT = YES;
			};
			name = Release;
		};
		C0BD0821246E307E0044DABD /* Debug */ = {
			isa = XCBuildConfiguration;
			buildSettings = {
				ASSETCATALOG_COMPILER_APPICON_NAME = AppIcon;
				CODE_SIGN_STYLE = Automatic;
				DEVELOPMENT_TEAM = NCGTM97MB7;
				INFOPLIST_FILE = PlayRTSP_Objc/Info.plist;
				LD_RUNPATH_SEARCH_PATHS = (
					"$(inherited)",
					"@executable_path/Frameworks",
				);
				PRODUCT_BUNDLE_IDENTIFIER = "com.xander.PlayRTSP-Objc";
				PRODUCT_NAME = "$(TARGET_NAME)";
				TARGETED_DEVICE_FAMILY = "1,2";
			};
			name = Debug;
		};
		C0BD0822246E307E0044DABD /* Release */ = {
			isa = XCBuildConfiguration;
			buildSettings = {
				ASSETCATALOG_COMPILER_APPICON_NAME = AppIcon;
				CODE_SIGN_STYLE = Automatic;
				DEVELOPMENT_TEAM = NCGTM97MB7;
				INFOPLIST_FILE = PlayRTSP_Objc/Info.plist;
				LD_RUNPATH_SEARCH_PATHS = (
					"$(inherited)",
					"@executable_path/Frameworks",
				);
				PRODUCT_BUNDLE_IDENTIFIER = "com.xander.PlayRTSP-Objc";
				PRODUCT_NAME = "$(TARGET_NAME)";
				TARGETED_DEVICE_FAMILY = "1,2";
			};
			name = Release;
		};
/* End XCBuildConfiguration section */

/* Begin XCConfigurationList section */
		C0BD0802246E307D0044DABD /* Build configuration list for PBXProject "PlayRTSP_Objc" */ = {
			isa = XCConfigurationList;
			buildConfigurations = (
				C0BD081E246E307E0044DABD /* Debug */,
				C0BD081F246E307E0044DABD /* Release */,
			);
			defaultConfigurationIsVisible = 0;
			defaultConfigurationName = Release;
		};
		C0BD0820246E307E0044DABD /* Build configuration list for PBXNativeTarget "PlayRTSP_Objc" */ = {
			isa = XCConfigurationList;
			buildConfigurations = (
				C0BD0821246E307E0044DABD /* Debug */,
				C0BD0822246E307E0044DABD /* Release */,
			);
			defaultConfigurationIsVisible = 0;
			defaultConfigurationName = Release;
		};
/* End XCConfigurationList section */
	};
	rootObject = C0BD07FF246E307D0044DABD /* Project object */;
}
